
Microsoft Visual Studio Solution File, Format Version 12.00
# Visual Studio Version 17
VisualStudioVersion = 17.0.31903.59
MinimumVisualStudioVersion = 10.0.40219.1
Project("{FAE04EC0-301F-11D3-BF4B-00C04F79EFBC}") = "MibExplorer", "MibExplorer\MibExplorer.csproj", "{7D1341D4-E0B4-4FDE-A7F8-124C2CF1B64C}"
EndProject
Project("{2150E333-8FDC-42A3-9474-1A3956D46DE8}") = "Éléments de solution", "Éléments de solution", "{9C8CB701-102D-CF49-A3E0-89AC09D42C2C}"
	ProjectSection(SolutionItems) = preProject
		README.md = README.md
		release.ps1 = release.ps1
		RELEASE_NOTES.md = RELEASE_NOTES.md
	EndProjectSection
EndProject
Project("{2150E333-8FDC-42A3-9474-1A3956D46DE8}") = "docs", "docs", "{02EA681E-C7D8-13C7-8484-4AC65E1B71E8}"
	ProjectSection(SolutionItems) = preProject
		docs\banner.png = docs\banner.png
		docs\FileDiff.png = docs\FileDiff.png
		docs\FileEditor.png = docs\FileEditor.png
		docs\MibExplorer.png = docs\MibExplorer.png
		docs\ScriptCenter.png = docs\ScriptCenter.png
		docs\Shell.png = docs\Shell.png
	EndProjectSection
EndProject
Project("{2150E333-8FDC-42A3-9474-1A3956D46DE8}") = "Scripts", "Scripts", "{A377134E-273F-406B-B553-D2B59ECC16EF}"
EndProject
Project("{2150E333-8FDC-42A3-9474-1A3956D46DE8}") = "SvmFix", "SvmFix", "{A13B95D8-D5FC-4F62-AE21-64BDCE52800A}"
	ProjectSection(SolutionItems) = preProject
		Scripts\Official\SvmFix\run.sh = Scripts\Official\SvmFix\run.sh
	EndProjectSection
EndProject
Project("{2150E333-8FDC-42A3-9474-1A3956D46DE8}") = "sbin", "sbin", "{1E38B158-80A5-4F4A-9AD9-0692625E9495}"
	ProjectSection(SolutionItems) = preProject
		Scripts\Official\SvmFix\sbin\svmtool = Scripts\Official\SvmFix\sbin\svmtool
	EndProjectSection
EndProject
Project("{2150E333-8FDC-42A3-9474-1A3956D46DE8}") = "Examples", "Examples", "{699239C3-92F9-492A-A314-CADFD976AFA1}"
	ProjectSection(SolutionItems) = preProject
		Scripts\Examples\README.txt = Scripts\Examples\README.txt
		Scripts\Examples\SingleScript.sh = Scripts\Examples\SingleScript.sh
	EndProjectSection
EndProject
Project("{2150E333-8FDC-42A3-9474-1A3956D46DE8}") = "PackageScript", "PackageScript", "{6774C115-6CB5-4B38-9760-97F389CF704D}"
	ProjectSection(SolutionItems) = preProject
		Scripts\Examples\PackageScript\run.sh = Scripts\Examples\PackageScript\run.sh
	EndProjectSection
EndProject
Project("{2150E333-8FDC-42A3-9474-1A3956D46DE8}") = "data", "data", "{35116E0B-7661-4C0E-AC5C-3A97B54AF795}"
	ProjectSection(SolutionItems) = preProject
		Scripts\Examples\PackageScript\data\message.txt = Scripts\Examples\PackageScript\data\message.txt
	EndProjectSection
EndProject
Project("{2150E333-8FDC-42A3-9474-1A3956D46DE8}") = "scripts", "scripts", "{733CAC06-B3B7-4729-A9C6-D61F0A2500D4}"
	ProjectSection(SolutionItems) = preProject
		Scripts\Examples\PackageScript\scripts\helper.sh = Scripts\Examples\PackageScript\scripts\helper.sh
	EndProjectSection
EndProject
Project("{2150E333-8FDC-42A3-9474-1A3956D46DE8}") = "TemplatePackage", "TemplatePackage", "{7FB6AF9F-5E02-4E05-8459-689F7F9E35DF}"
	ProjectSection(SolutionItems) = preProject
		Scripts\Examples\TemplatePackage\README.md = Scripts\Examples\TemplatePackage\README.md
		Scripts\Examples\TemplatePackage\run.sh = Scripts\Examples\TemplatePackage\run.sh
	EndProjectSection
EndProject
Project("{2150E333-8FDC-42A3-9474-1A3956D46DE8}") = "lib", "lib", "{699B4A5E-25A3-4516-98D0-1B3C1398F870}"
	ProjectSection(SolutionItems) = preProject
		Scripts\Examples\TemplatePackage\lib\mibexplorer_sdk.sh = Scripts\Examples\TemplatePackage\lib\mibexplorer_sdk.sh
	EndProjectSection
EndProject
Project("{2150E333-8FDC-42A3-9474-1A3956D46DE8}") = "lib", "lib", "{430BD6B5-2C63-4D77-BDF9-C07465CE777D}"
	ProjectSection(SolutionItems) = preProject
		Scripts\Official\SvmFix\lib\mibexplorer_sdk.sh = Scripts\Official\SvmFix\lib\mibexplorer_sdk.sh
	EndProjectSection
EndProject
Project("{2150E333-8FDC-42A3-9474-1A3956D46DE8}") = "Official", "Official", "{D9C915B8-D93F-4709-BAB7-BB9F9A7E77CE}"
	ProjectSection(SolutionItems) = preProject
		Scripts\Official\ExtractSkin0ImageIdMapToSd.sh = Scripts\Official\ExtractSkin0ImageIdMapToSd.sh
		Scripts\Official\ExtractSkin0ImageMcfToSd.sh = Scripts\Official\ExtractSkin0ImageMcfToSd.sh
		Scripts\Official\manifest.json = Scripts\Official\manifest.json
	EndProjectSection
EndProject
Project("{2150E333-8FDC-42A3-9474-1A3956D46DE8}") = "tools", "tools", "{89F285CF-9A6E-4EE4-A5B4-FAE5C5CA6B96}"
	ProjectSection(SolutionItems) = preProject
		Generate-ScriptManifest.ps1 = Generate-ScriptManifest.ps1
	EndProjectSection
EndProject
Global
	GlobalSection(SolutionConfigurationPlatforms) = preSolution
		Debug|Any CPU = Debug|Any CPU
		Release|Any CPU = Release|Any CPU
	EndGlobalSection
	GlobalSection(ProjectConfigurationPlatforms) = postSolution
		{7D1341D4-E0B4-4FDE-A7F8-124C2CF1B64C}.Debug|Any CPU.ActiveCfg = Debug|Any CPU
		{7D1341D4-E0B4-4FDE-A7F8-124C2CF1B64C}.Debug|Any CPU.Build.0 = Debug|Any CPU
		{7D1341D4-E0B4-4FDE-A7F8-124C2CF1B64C}.Release|Any CPU.ActiveCfg = Release|Any CPU
		{7D1341D4-E0B4-4FDE-A7F8-124C2CF1B64C}.Release|Any CPU.Build.0 = Release|Any CPU
	EndGlobalSection
	GlobalSection(SolutionProperties) = preSolution
		HideSolutionNode = FALSE
	EndGlobalSection
	GlobalSection(NestedProjects) = preSolution
		{02EA681E-C7D8-13C7-8484-4AC65E1B71E8} = {9C8CB701-102D-CF49-A3E0-89AC09D42C2C}
		{A377134E-273F-406B-B553-D2B59ECC16EF} = {9C8CB701-102D-CF49-A3E0-89AC09D42C2C}
		{A13B95D8-D5FC-4F62-AE21-64BDCE52800A} = {D9C915B8-D93F-4709-BAB7-BB9F9A7E77CE}
		{1E38B158-80A5-4F4A-9AD9-0692625E9495} = {A13B95D8-D5FC-4F62-AE21-64BDCE52800A}
		{699239C3-92F9-492A-A314-CADFD976AFA1} = {A377134E-273F-406B-B553-D2B59ECC16EF}
		{6774C115-6CB5-4B38-9760-97F389CF704D} = {699239C3-92F9-492A-A314-CADFD976AFA1}
		{35116E0B-7661-4C0E-AC5C-3A97B54AF795} = {6774C115-6CB5-4B38-9760-97F389CF704D}
		{733CAC06-B3B7-4729-A9C6-D61F0A2500D4} = {6774C115-6CB5-4B38-9760-97F389CF704D}
		{7FB6AF9F-5E02-4E05-8459-689F7F9E35DF} = {699239C3-92F9-492A-A314-CADFD976AFA1}
		{699B4A5E-25A3-4516-98D0-1B3C1398F870} = {7FB6AF9F-5E02-4E05-8459-689F7F9E35DF}
		{430BD6B5-2C63-4D77-BDF9-C07465CE777D} = {A13B95D8-D5FC-4F62-AE21-64BDCE52800A}
		{D9C915B8-D93F-4709-BAB7-BB9F9A7E77CE} = {A377134E-273F-406B-B553-D2B59ECC16EF}
		{89F285CF-9A6E-4EE4-A5B4-FAE5C5CA6B96} = {9C8CB701-102D-CF49-A3E0-89AC09D42C2C}
	EndGlobalSection
	GlobalSection(ExtensibilityGlobals) = postSolution
		SolutionGuid = {D349ABC2-3462-48D9-B5FD-688ABAFA7C20}
	EndGlobalSection
EndGlobal
