
Microsoft Visual Studio Solution File, Format Version 12.00
# Visual Studio Version 17
VisualStudioVersion = 17.0.31903.59
MinimumVisualStudioVersion = 10.0.40219.1
Project("{FAE04EC0-301F-11D3-BF4B-00C04F79EFBC}") = "MibExplorer", "MibExplorer\MibExplorer.csproj", "{7D1341D4-E0B4-4FDE-A7F8-124C2CF1B64C}"
EndProject
Project("{2150E333-8FDC-42A3-9474-1A3956D46DE8}") = "Éléments de solution", "Éléments de solution", "{9C8CB701-102D-CF49-A3E0-89AC09D42C2C}"
	ProjectSection(SolutionItems) = preProject
		README.md = README.md
		release.ps1 = release.ps1
		RELEASE_NOTES.md = RELEASE_NOTES.md
	EndProjectSection
EndProject
Project("{2150E333-8FDC-42A3-9474-1A3956D46DE8}") = "docs", "docs", "{02EA681E-C7D8-13C7-8484-4AC65E1B71E8}"
	ProjectSection(SolutionItems) = preProject
		docs\FileDiff.png = docs\FileDiff.png
		docs\FileEditor.png = docs\FileEditor.png
		docs\MibExplorer.png = docs\MibExplorer.png
		docs\ScriptCenter.png = docs\ScriptCenter.png
		docs\Shell.png = docs\Shell.png
	EndProjectSection
EndProject
Project("{2150E333-8FDC-42A3-9474-1A3956D46DE8}") = "Scripts", "Scripts", "{A377134E-273F-406B-B553-D2B59ECC16EF}"
	ProjectSection(SolutionItems) = preProject
		Scripts\example.sh = Scripts\example.sh
		Scripts\README.txt = Scripts\README.txt
	EndProjectSection
EndProject
Project("{2150E333-8FDC-42A3-9474-1A3956D46DE8}") = "Example", "Example", "{51B1880E-2947-41B1-8C32-88469FF67518}"
	ProjectSection(SolutionItems) = preProject
		Scripts\Example\run.sh = Scripts\Example\run.sh
	EndProjectSection
EndProject
Project("{2150E333-8FDC-42A3-9474-1A3956D46DE8}") = "scripts", "scripts", "{5EBAC76F-2F97-40D4-8EEA-AC51E87AFDF1}"
	ProjectSection(SolutionItems) = preProject
		Scripts\Example\scripts\helper.sh = Scripts\Example\scripts\helper.sh
	EndProjectSection
EndProject
Project("{2150E333-8FDC-42A3-9474-1A3956D46DE8}") = "data", "data", "{0B96A172-364E-40E3-8456-5E6DFF216579}"
	ProjectSection(SolutionItems) = preProject
		Scripts\Example\data\message.txt = Scripts\Example\data\message.txt
	EndProjectSection
EndProject
Global
	GlobalSection(SolutionConfigurationPlatforms) = preSolution
		Debug|Any CPU = Debug|Any CPU
		Release|Any CPU = Release|Any CPU
	EndGlobalSection
	GlobalSection(ProjectConfigurationPlatforms) = postSolution
		{7D1341D4-E0B4-4FDE-A7F8-124C2CF1B64C}.Debug|Any CPU.ActiveCfg = Debug|Any CPU
		{7D1341D4-E0B4-4FDE-A7F8-124C2CF1B64C}.Debug|Any CPU.Build.0 = Debug|Any CPU
		{7D1341D4-E0B4-4FDE-A7F8-124C2CF1B64C}.Release|Any CPU.ActiveCfg = Release|Any CPU
		{7D1341D4-E0B4-4FDE-A7F8-124C2CF1B64C}.Release|Any CPU.Build.0 = Release|Any CPU
	EndGlobalSection
	GlobalSection(SolutionProperties) = preSolution
		HideSolutionNode = FALSE
	EndGlobalSection
	GlobalSection(NestedProjects) = preSolution
		{02EA681E-C7D8-13C7-8484-4AC65E1B71E8} = {9C8CB701-102D-CF49-A3E0-89AC09D42C2C}
		{A377134E-273F-406B-B553-D2B59ECC16EF} = {9C8CB701-102D-CF49-A3E0-89AC09D42C2C}
		{51B1880E-2947-41B1-8C32-88469FF67518} = {A377134E-273F-406B-B553-D2B59ECC16EF}
		{5EBAC76F-2F97-40D4-8EEA-AC51E87AFDF1} = {51B1880E-2947-41B1-8C32-88469FF67518}
		{0B96A172-364E-40E3-8456-5E6DFF216579} = {51B1880E-2947-41B1-8C32-88469FF67518}
	EndGlobalSection
	GlobalSection(ExtensibilityGlobals) = postSolution
		SolutionGuid = {D349ABC2-3462-48D9-B5FD-688ABAFA7C20}
	EndGlobalSection
EndGlobal
